<?xml version="1.0" encoding="utf-8"?>
<Project ToolsVersion="4.0" xmlns="http://schemas.microsoft.com/developer/msbuild/2003">
  <ItemGroup>
    <ClCompile Include="..\..\src\debugger\inject\main.cpp" />
    <ClCompile Include="..\..\include\base\hook\inline.cpp">
      <Filter>base\hook</Filter>
    </ClCompile>
    <ClCompile Include="..\..\src\debugger\inject\autoattach.cpp" />
    <ClCompile Include="..\..\third_party\bee.lua\bee\utility\path_helper.cpp">
      <Filter>bee\utility</Filter>
    </ClCompile>
    <ClCompile Include="..\..\third_party\bee.lua\bee\utility\unicode.cpp">
      <Filter>bee\utility</Filter>
    </ClCompile>
    <ClCompile Include="..\..\third_party\bee.lua\bee\error.cpp">
      <Filter>bee</Filter>
    </ClCompile>
    <ClCompile Include="..\..\third_party\bee.lua\bee\error\windows_category.cpp">
      <Filter>bee\error</Filter>
    </ClCompile>
    <ClCompile Include="..\..\src\debugger\client\get_unix_path.cpp" />
  </ItemGroup>
  <ItemGroup>
    <Filter Include="base">
      <UniqueIdentifier>{1a0f8dcb-335e-4f56-a201-f97adbf278c4}</UniqueIdentifier>
    </Filter>
    <Filter Include="base\hook">
      <UniqueIdentifier>{de1b1dc0-a51f-4b6d-afc7-0e2b593f1817}</UniqueIdentifier>
    </Filter>
    <Filter Include="bee">
      <UniqueIdentifier>{9f46a184-9a89-4826-8f1c-a15094fe3ff2}</UniqueIdentifier>
    </Filter>
    <Filter Include="bee\utility">
      <UniqueIdentifier>{9970a265-d2fb-4269-bc5b-939de14f0599}</UniqueIdentifier>
    </Filter>
    <Filter Include="bee\error">
      <UniqueIdentifier>{10b06ec4-aca4-4101-b717-d8d873afe1fc}</UniqueIdentifier>
    </Filter>
  </ItemGroup>
  <ItemGroup>
    <ClInclude Include="..\..\include\base\hook\inline.h">
      <Filter>base\hook</Filter>
    </ClInclude>
    <ClInclude Include="..\..\include\base\hook\fp_call.h">
      <Filter>base\hook</Filter>
    </ClInclude>
    <ClInclude Include="..\..\include\debugger\inject\autoattach.h" />
    <ClInclude Include="..\..\third_party\bee.lua\bee\utility\path_helper.h">
      <Filter>bee\utility</Filter>
    </ClInclude>
    <ClInclude Include="..\..\third_party\bee.lua\bee\utility\unicode.h">
      <Filter>bee\utility</Filter>
    </ClInclude>
    <ClInclude Include="..\..\third_party\bee.lua\bee\error.h">
      <Filter>bee</Filter>
    </ClInclude>
    <ClInclude Include="..\..\third_party\bee.lua\bee\error\windows_category.h">
      <Filter>bee\error</Filter>
    </ClInclude>
    <ClInclude Include="..\..\include\debugger\client\get_unix_path.h" />
  </ItemGroup>
</Project>