<?xml version="1.0" encoding="utf-8"?>
<Project ToolsVersion="4.0" xmlns="http://schemas.microsoft.com/developer/msbuild/2003">
  <ItemGroup>
    <ClCompile Include="..\..\src\process_inject\inject.cpp" />
    <ClCompile Include="..\..\include\base\hook\injectdll.cpp">
      <Filter>base\hook</Filter>
    </ClCompile>
    <ClCompile Include="..\..\include\base\hook\replacedll.cpp">
      <Filter>base\hook</Filter>
    </ClCompile>
    <ClCompile Include="..\..\include\base\win\query_process.cpp">
      <Filter>base\win</Filter>
    </ClCompile>
  </ItemGroup>
  <ItemGroup>
    <Filter Include="base">
      <UniqueIdentifier>{71e9c966-0e06-428b-9fc4-ee66448116ce}</UniqueIdentifier>
    </Filter>
    <Filter Include="base\hook">
      <UniqueIdentifier>{dcba1cc0-b5b5-4448-98ba-cfd3b456118b}</UniqueIdentifier>
    </Filter>
    <Filter Include="base\win">
      <UniqueIdentifier>{9d897caf-24bf-4975-ac50-23391c928bd6}</UniqueIdentifier>
    </Filter>
  </ItemGroup>
  <ItemGroup>
    <ClInclude Include="..\..\include\base\hook\injectdll.h">
      <Filter>base\hook</Filter>
    </ClInclude>
    <ClInclude Include="..\..\include\base\hook\replacedll.h">
      <Filter>base\hook</Filter>
    </ClInclude>
    <ClInclude Include="..\..\include\base\win\query_process.h">
      <Filter>base\win</Filter>
    </ClInclude>
  </ItemGroup>
</Project>