<?xml version="1.0" encoding="utf-8"?>
<Project ToolsVersion="4.0" xmlns="http://schemas.microsoft.com/developer/msbuild/2003">
  <ItemGroup>
    <Filter Include="standard-library">
      <UniqueIdentifier>{f34c2e27-2156-4494-8a4d-1dc1a9abb597}</UniqueIdentifier>
    </Filter>
    <Filter Include="auxiliary-library">
      <UniqueIdentifier>{62ddc178-2948-47ea-9f84-9e33cb177c33}</UniqueIdentifier>
    </Filter>
    <Filter Include="core">
      <UniqueIdentifier>{e40bdbc7-044a-49fb-9541-72993f6cd3e3}</UniqueIdentifier>
    </Filter>
    <Filter Include="core\include">
      <UniqueIdentifier>{2daad005-c4c8-42e6-b277-04e42095acca}</UniqueIdentifier>
    </Filter>
    <Filter Include="core\source">
      <UniqueIdentifier>{a863b2c9-f0b9-4629-a09b-16910e89d0f7}</UniqueIdentifier>
    </Filter>
    <Filter Include="include">
      <UniqueIdentifier>{f434a2c0-6756-4d82-b216-3d6c1bd69783}</UniqueIdentifier>
    </Filter>
  </ItemGroup>
  <ItemGroup>
    <ClCompile Include="..\..\third_party\lua53\lzio.c">
      <Filter>core\source</Filter>
    </ClCompile>
    <ClCompile Include="..\..\third_party\lua53\lvm.c">
      <Filter>core\source</Filter>
    </ClCompile>
    <ClCompile Include="..\..\third_party\lua53\lundump.c">
      <Filter>core\source</Filter>
    </ClCompile>
    <ClCompile Include="..\..\third_party\lua53\ltm.c">
      <Filter>core\source</Filter>
    </ClCompile>
    <ClCompile Include="..\..\third_party\lua53\ltable.c">
      <Filter>core\source</Filter>
    </ClCompile>
    <ClCompile Include="..\..\third_party\lua53\lstring.c">
      <Filter>core\source</Filter>
    </ClCompile>
    <ClCompile Include="..\..\third_party\lua53\lstate.c">
      <Filter>core\source</Filter>
    </ClCompile>
    <ClCompile Include="..\..\third_party\lua53\lparser.c">
      <Filter>core\source</Filter>
    </ClCompile>
    <ClCompile Include="..\..\third_party\lua53\lopcodes.c">
      <Filter>core\source</Filter>
    </ClCompile>
    <ClCompile Include="..\..\third_party\lua53\lobject.c">
      <Filter>core\source</Filter>
    </ClCompile>
    <ClCompile Include="..\..\third_party\lua53\lmem.c">
      <Filter>core\source</Filter>
    </ClCompile>
    <ClCompile Include="..\..\third_party\lua53\lcode.c">
      <Filter>core\source</Filter>
    </ClCompile>
    <ClCompile Include="..\..\third_party\lua53\lctype.c">
      <Filter>core\source</Filter>
    </ClCompile>
    <ClCompile Include="..\..\third_party\lua53\ldebug.c">
      <Filter>core\source</Filter>
    </ClCompile>
    <ClCompile Include="..\..\third_party\lua53\ldo.c">
      <Filter>core\source</Filter>
    </ClCompile>
    <ClCompile Include="..\..\third_party\lua53\lgc.c">
      <Filter>core\source</Filter>
    </ClCompile>
    <ClCompile Include="..\..\third_party\lua53\ldump.c">
      <Filter>core\source</Filter>
    </ClCompile>
    <ClCompile Include="..\..\third_party\lua53\llex.c">
      <Filter>core\source</Filter>
    </ClCompile>
    <ClCompile Include="..\..\third_party\lua53\lfunc.c">
      <Filter>core\source</Filter>
    </ClCompile>
    <ClCompile Include="..\..\third_party\lua53\lcorolib.c">
      <Filter>standard-library</Filter>
    </ClCompile>
    <ClCompile Include="..\..\third_party\lua53\lbaselib.c">
      <Filter>standard-library</Filter>
    </ClCompile>
    <ClCompile Include="..\..\third_party\lua53\lbitlib.c">
      <Filter>standard-library</Filter>
    </ClCompile>
    <ClCompile Include="..\..\third_party\lua53\lmathlib.c">
      <Filter>standard-library</Filter>
    </ClCompile>
    <ClCompile Include="..\..\third_party\lua53\ltablib.c">
      <Filter>standard-library</Filter>
    </ClCompile>
    <ClCompile Include="..\..\third_party\lua53\lstrlib.c">
      <Filter>standard-library</Filter>
    </ClCompile>
    <ClCompile Include="..\..\third_party\lua53\linit.c">
      <Filter>standard-library</Filter>
    </ClCompile>
    <ClCompile Include="..\..\third_party\lua53\liolib.c">
      <Filter>standard-library</Filter>
    </ClCompile>
    <ClCompile Include="..\..\third_party\lua53\ldblib.c">
      <Filter>standard-library</Filter>
    </ClCompile>
    <ClCompile Include="..\..\third_party\lua53\loslib.c">
      <Filter>standard-library</Filter>
    </ClCompile>
    <ClCompile Include="..\..\third_party\lua53\loadlib.c">
      <Filter>standard-library</Filter>
    </ClCompile>
    <ClCompile Include="..\..\third_party\lua53\lauxlib.c">
      <Filter>auxiliary-library</Filter>
    </ClCompile>
    <ClCompile Include="..\..\third_party\lua53\lapi.c">
      <Filter>core\source</Filter>
    </ClCompile>
    <ClCompile Include="..\..\third_party\lua53\lutf8lib.c">
      <Filter>standard-library</Filter>
    </ClCompile>
  </ItemGroup>
  <ItemGroup>
    <ClInclude Include="..\..\third_party\lua53\lapi.h">
      <Filter>core\include</Filter>
    </ClInclude>
    <ClInclude Include="..\..\third_party\lua53\lcode.h">
      <Filter>core\include</Filter>
    </ClInclude>
    <ClInclude Include="..\..\third_party\lua53\lctype.h">
      <Filter>core\include</Filter>
    </ClInclude>
    <ClInclude Include="..\..\third_party\lua53\ldebug.h">
      <Filter>core\include</Filter>
    </ClInclude>
    <ClInclude Include="..\..\third_party\lua53\ldo.h">
      <Filter>core\include</Filter>
    </ClInclude>
    <ClInclude Include="..\..\third_party\lua53\lfunc.h">
      <Filter>core\include</Filter>
    </ClInclude>
    <ClInclude Include="..\..\third_party\lua53\lgc.h">
      <Filter>core\include</Filter>
    </ClInclude>
    <ClInclude Include="..\..\third_party\lua53\llex.h">
      <Filter>core\include</Filter>
    </ClInclude>
    <ClInclude Include="..\..\third_party\lua53\llimits.h">
      <Filter>core\include</Filter>
    </ClInclude>
    <ClInclude Include="..\..\third_party\lua53\lmem.h">
      <Filter>core\include</Filter>
    </ClInclude>
    <ClInclude Include="..\..\third_party\lua53\lobject.h">
      <Filter>core\include</Filter>
    </ClInclude>
    <ClInclude Include="..\..\third_party\lua53\lopcodes.h">
      <Filter>core\include</Filter>
    </ClInclude>
    <ClInclude Include="..\..\third_party\lua53\lparser.h">
      <Filter>core\include</Filter>
    </ClInclude>
    <ClInclude Include="..\..\third_party\lua53\lstate.h">
      <Filter>core\include</Filter>
    </ClInclude>
    <ClInclude Include="..\..\third_party\lua53\lstring.h">
      <Filter>core\include</Filter>
    </ClInclude>
    <ClInclude Include="..\..\third_party\lua53\ltable.h">
      <Filter>core\include</Filter>
    </ClInclude>
    <ClInclude Include="..\..\third_party\lua53\ltm.h">
      <Filter>core\include</Filter>
    </ClInclude>
    <ClInclude Include="..\..\third_party\lua53\lundump.h">
      <Filter>core\include</Filter>
    </ClInclude>
    <ClInclude Include="..\..\third_party\lua53\lvm.h">
      <Filter>core\include</Filter>
    </ClInclude>
    <ClInclude Include="..\..\third_party\lua53\lzio.h">
      <Filter>core\include</Filter>
    </ClInclude>
    <ClInclude Include="..\..\third_party\lua53\luaconf.h">
      <Filter>include</Filter>
    </ClInclude>
    <ClInclude Include="..\..\third_party\lua53\lua.h">
      <Filter>include</Filter>
    </ClInclude>
    <ClInclude Include="..\..\third_party\lua53\lualib.h">
      <Filter>include</Filter>
    </ClInclude>
    <ClInclude Include="..\..\third_party\lua53\lauxlib.h">
      <Filter>auxiliary-library</Filter>
    </ClInclude>
    <ClInclude Include="..\..\third_party\lua53\lprefix.h">
      <Filter>core\include</Filter>
    </ClInclude>
    <ClInclude Include="..\..\third_party\lua53\lua.hpp">
      <Filter>include</Filter>
    </ClInclude>
  </ItemGroup>
</Project>