<?xml version="1.0" encoding="utf-8"?>
<Project ToolsVersion="4.0" xmlns="http://schemas.microsoft.com/developer/msbuild/2003">
  <ItemGroup>
    <ClCompile Include="..\..\include\base\hook\injectdll.cpp">
      <Filter>base\hook</Filter>
    </ClCompile>
    <ClCompile Include="..\..\src\debugger\client\create_process.cpp">
      <Filter>cpp\client</Filter>
    </ClCompile>
    <ClCompile Include="..\..\src\debugger\client\main.cpp">
      <Filter>cpp\client</Filter>
    </ClCompile>
    <ClCompile Include="..\..\src\debugger\client\stdinput.cpp">
      <Filter>cpp\client</Filter>
    </ClCompile>
    <ClCompile Include="..\..\src\debugger\io\helper.cpp">
      <Filter>cpp\io</Filter>
    </ClCompile>
    <ClCompile Include="..\..\src\debugger\client\tcp_attach.cpp">
      <Filter>cpp\client</Filter>
    </ClCompile>
    <ClCompile Include="..\..\src\debugger\client\run_attach.cpp">
      <Filter>cpp\client</Filter>
    </ClCompile>
    <ClCompile Include="..\..\src\debugger\client\create_terminal.cpp">
      <Filter>cpp\client</Filter>
    </ClCompile>
    <ClCompile Include="..\..\src\debugger\client\create_luaexe.cpp">
      <Filter>cpp\client</Filter>
    </ClCompile>
    <ClCompile Include="..\..\include\base\hook\replacedll.cpp">
      <Filter>base\hook</Filter>
    </ClCompile>
    <ClCompile Include="..\..\src\debugger\client\open_process.cpp">
      <Filter>cpp\client</Filter>
    </ClCompile>
    <ClCompile Include="..\..\include\base\win\query_process.cpp">
      <Filter>base\win</Filter>
    </ClCompile>
    <ClCompile Include="..\..\src\debugger\io\stream.cpp">
      <Filter>cpp\io</Filter>
    </ClCompile>
    <ClCompile Include="..\..\third_party\bee.lua\bee\net\endpoint.cpp">
      <Filter>bee\net</Filter>
    </ClCompile>
    <ClCompile Include="..\..\third_party\bee.lua\bee\utility\unicode.cpp">
      <Filter>bee\utility</Filter>
    </ClCompile>
    <ClCompile Include="..\..\third_party\bee.lua\bee\net\socket.cpp">
      <Filter>bee\net</Filter>
    </ClCompile>
    <ClCompile Include="..\..\third_party\bee.lua\bee\subprocess\subprocess_win.cpp">
      <Filter>bee\subprocess</Filter>
    </ClCompile>
    <ClCompile Include="..\..\third_party\bee.lua\bee\utility\path_helper.cpp">
      <Filter>bee\utility</Filter>
    </ClCompile>
    <ClCompile Include="..\..\third_party\bee.lua\bee\error.cpp">
      <Filter>bee</Filter>
    </ClCompile>
    <ClCompile Include="..\..\third_party\bee.lua\bee\net\unixsocket.cpp">
      <Filter>bee\net</Filter>
    </ClCompile>
    <ClCompile Include="..\..\third_party\bee.lua\bee\error\windows_category.cpp">
      <Filter>bee\error</Filter>
    </ClCompile>
    <ClCompile Include="..\..\src\debugger\client\get_unix_path.cpp">
      <Filter>cpp\client</Filter>
    </ClCompile>
    <ClCompile Include="..\..\src\debugger\io\server.cpp">
      <Filter>cpp\io</Filter>
    </ClCompile>
    <ClCompile Include="..\..\third_party\bee.lua\bee\utility\file_version.cpp">
      <Filter>bee\utility</Filter>
    </ClCompile>
    <ClCompile Include="..\..\third_party\bee.lua\bee\platform\version.cpp">
      <Filter>bee\platform</Filter>
    </ClCompile>
  </ItemGroup>
  <ItemGroup>
    <ClInclude Include="..\..\include\base\hook\injectdll.h">
      <Filter>base\hook</Filter>
    </ClInclude>
    <ClInclude Include="..\..\include\debugger\client\stdinput.h">
      <Filter>inc\client</Filter>
    </ClInclude>
    <ClInclude Include="..\..\include\debugger\io\helper.h">
      <Filter>inc\io</Filter>
    </ClInclude>
    <ClInclude Include="..\..\include\debugger\client\run.h">
      <Filter>inc\client</Filter>
    </ClInclude>
    <ClInclude Include="..\..\include\debugger\client\tcp_attach.h">
      <Filter>inc\client</Filter>
    </ClInclude>
    <ClInclude Include="..\..\include\base\hook\replacedll.h">
      <Filter>base\hook</Filter>
    </ClInclude>
    <ClInclude Include="..\..\include\base\win\process_switch.h">
      <Filter>base\win</Filter>
    </ClInclude>
    <ClInclude Include="..\..\include\base\win\query_process.h">
      <Filter>base\win</Filter>
    </ClInclude>
    <ClInclude Include="..\..\include\debugger\io\stream.h">
      <Filter>inc\io</Filter>
    </ClInclude>
    <ClInclude Include="..\..\third_party\bee.lua\bee\utility\unicode.h">
      <Filter>bee\utility</Filter>
    </ClInclude>
    <ClInclude Include="..\..\third_party\bee.lua\bee\subprocess\subprocess_win.h">
      <Filter>bee\subprocess</Filter>
    </ClInclude>
    <ClInclude Include="..\..\third_party\bee.lua\bee\subprocess.h">
      <Filter>bee</Filter>
    </ClInclude>
    <ClInclude Include="..\..\third_party\bee.lua\bee\utility\path_helper.h">
      <Filter>bee\utility</Filter>
    </ClInclude>
    <ClInclude Include="..\..\third_party\bee.lua\bee\error.h">
      <Filter>bee</Filter>
    </ClInclude>
    <ClInclude Include="..\..\third_party\bee.lua\bee\net\endpoint.h">
      <Filter>bee\net</Filter>
    </ClInclude>
    <ClInclude Include="..\..\third_party\bee.lua\bee\net\socket.h">
      <Filter>bee\net</Filter>
    </ClInclude>
    <ClInclude Include="..\..\third_party\bee.lua\bee\net\unixsocket.h">
      <Filter>bee\net</Filter>
    </ClInclude>
    <ClInclude Include="..\..\third_party\bee.lua\bee\error\windows_category.h">
      <Filter>bee\error</Filter>
    </ClInclude>
    <ClInclude Include="..\..\include\debugger\client\get_unix_path.h">
      <Filter>inc\client</Filter>
    </ClInclude>
    <ClInclude Include="..\..\include\debugger\io\server.h">
      <Filter>inc\io</Filter>
    </ClInclude>
    <ClInclude Include="..\..\third_party\bee.lua\bee\utility\file_version.h">
      <Filter>bee\utility</Filter>
    </ClInclude>
    <ClInclude Include="..\..\third_party\bee.lua\bee\platform\version.h">
      <Filter>bee\platform</Filter>
    </ClInclude>
  </ItemGroup>
  <ItemGroup>
    <Filter Include="base">
      <UniqueIdentifier>{fd6c93f9-ca0c-45c6-9dbb-164a62dbdf7a}</UniqueIdentifier>
    </Filter>
    <Filter Include="base\hook">
      <UniqueIdentifier>{6a1ee654-25bf-4ac8-bd1b-f935aab79966}</UniqueIdentifier>
    </Filter>
    <Filter Include="base\win">
      <UniqueIdentifier>{1388b723-ce88-46bb-91c4-9b02d58ca6b3}</UniqueIdentifier>
    </Filter>
    <Filter Include="inc">
      <UniqueIdentifier>{aa8ca654-c9ca-46d7-97dd-2c064ca17c03}</UniqueIdentifier>
    </Filter>
    <Filter Include="cpp">
      <UniqueIdentifier>{45f68082-2f44-4395-9592-cc7e5768f3e5}</UniqueIdentifier>
    </Filter>
    <Filter Include="cpp\client">
      <UniqueIdentifier>{044d4037-79dc-4570-8cf9-38863708f434}</UniqueIdentifier>
    </Filter>
    <Filter Include="inc\client">
      <UniqueIdentifier>{0c8c6ecc-513f-4090-be40-a48c59b86d7b}</UniqueIdentifier>
    </Filter>
    <Filter Include="inc\io">
      <UniqueIdentifier>{605aea22-33e4-43fa-91ec-4e48cd705e9c}</UniqueIdentifier>
    </Filter>
    <Filter Include="cpp\io">
      <UniqueIdentifier>{a75fae30-c29e-4bc4-b77c-c1d095fbda31}</UniqueIdentifier>
    </Filter>
    <Filter Include="bee">
      <UniqueIdentifier>{d3783a13-2c5a-47ca-95c6-331f3814a1b4}</UniqueIdentifier>
    </Filter>
    <Filter Include="bee\net">
      <UniqueIdentifier>{ae86f747-f0e9-4243-bfdc-5957a87a6ea2}</UniqueIdentifier>
    </Filter>
    <Filter Include="bee\utility">
      <UniqueIdentifier>{b3b965e6-ff30-4e32-a2af-23e217268699}</UniqueIdentifier>
    </Filter>
    <Filter Include="bee\subprocess">
      <UniqueIdentifier>{0445f03b-5ac3-4d53-9d6f-1b4303045e45}</UniqueIdentifier>
    </Filter>
    <Filter Include="bee\error">
      <UniqueIdentifier>{63e488a8-d7f0-40d4-85d4-aaba8d5926b7}</UniqueIdentifier>
    </Filter>
    <Filter Include="bee\platform">
      <UniqueIdentifier>{c97a24e3-0fbb-4420-a0c9-017408418819}</UniqueIdentifier>
    </Filter>
  </ItemGroup>
</Project>