<?xml version="1.0" encoding="utf-8"?>
<Project ToolsVersion="4.0" xmlns="http://schemas.microsoft.com/developer/msbuild/2003">
  <ItemGroup>
    <Filter Include="inc">
      <UniqueIdentifier>{4fe72cde-8c5f-409e-8d1e-178ba434def1}</UniqueIdentifier>
    </Filter>
    <Filter Include="inc\io">
      <UniqueIdentifier>{14aac7bc-6e3b-491d-99bf-d5d17ffac917}</UniqueIdentifier>
    </Filter>
    <Filter Include="inc\bridge">
      <UniqueIdentifier>{40cc47a4-cc9c-471e-a80f-a12f03abf334}</UniqueIdentifier>
    </Filter>
    <Filter Include="cpp">
      <UniqueIdentifier>{1f5eb368-b4b9-436c-942c-dcaf9757f0f8}</UniqueIdentifier>
    </Filter>
    <Filter Include="cpp\io">
      <UniqueIdentifier>{6debda91-03e3-492d-b202-c75d7be97e7d}</UniqueIdentifier>
    </Filter>
    <Filter Include="cpp\bridge">
      <UniqueIdentifier>{bf9ea1a1-1023-4dba-b3b3-0f2e23238de6}</UniqueIdentifier>
    </Filter>
  </ItemGroup>
  <ItemGroup>
    <ClCompile Include="..\src\debugger\debugger.cpp">
      <Filter>cpp</Filter>
    </ClCompile>
    <ClCompile Include="..\src\debugger\bridge\delayload.cpp">
      <Filter>cpp\bridge</Filter>
    </ClCompile>
    <ClCompile Include="..\src\debugger\bridge\luaopen.cpp">
      <Filter>cpp\bridge</Filter>
    </ClCompile>
    <ClCompile Include="..\src\debugger\io\socket.cpp">
      <Filter>cpp\io</Filter>
    </ClCompile>
    <ClCompile Include="..\src\debugger\breakpoint.cpp">
      <Filter>cpp</Filter>
    </ClCompile>
    <ClCompile Include="..\src\debugger\config.cpp">
      <Filter>cpp</Filter>
    </ClCompile>
    <ClCompile Include="..\src\debugger\evaluate.cpp">
      <Filter>cpp</Filter>
    </ClCompile>
    <ClCompile Include="..\src\debugger\impl.cpp">
      <Filter>cpp</Filter>
    </ClCompile>
    <ClCompile Include="..\src\debugger\inlinebase.cpp">
      <Filter>cpp</Filter>
    </ClCompile>
    <ClCompile Include="..\src\debugger\observer.cpp">
      <Filter>cpp</Filter>
    </ClCompile>
    <ClCompile Include="..\src\debugger\pathconvert.cpp">
      <Filter>cpp</Filter>
    </ClCompile>
    <ClCompile Include="..\src\debugger\thunk.cpp">
      <Filter>cpp</Filter>
    </ClCompile>
    <ClCompile Include="..\src\debugger\response.cpp">
      <Filter>cpp</Filter>
    </ClCompile>
    <ClCompile Include="..\src\debugger\request.cpp">
      <Filter>cpp</Filter>
    </ClCompile>
    <ClCompile Include="..\src\debugger\redirect.cpp">
      <Filter>cpp</Filter>
    </ClCompile>
    <ClCompile Include="..\src\debugger\io\helper.cpp">
      <Filter>cpp\io</Filter>
    </ClCompile>
    <ClCompile Include="..\src\debugger\bridge\lua.cpp">
      <Filter>cpp\bridge</Filter>
    </ClCompile>
    <ClCompile Include="..\src\debugger\io\stream.cpp">
      <Filter>cpp\io</Filter>
    </ClCompile>
    <ClCompile Include="..\src\debugger\io\namedpipe.cpp">
      <Filter>cpp\io</Filter>
    </ClCompile>
    <ClCompile Include="..\src\debugger\path.cpp">
      <Filter>cpp</Filter>
    </ClCompile>
    <ClCompile Include="..\src\debugger\osthread.cpp">
      <Filter>cpp</Filter>
    </ClCompile>
    <ClCompile Include="..\src\debugger\luathread.cpp">
      <Filter>cpp</Filter>
    </ClCompile>
    <ClCompile Include="..\src\debugger\i18n.cpp">
      <Filter>cpp</Filter>
    </ClCompile>
  </ItemGroup>
  <ItemGroup>
    <ClInclude Include="..\include\debugger\debugger.h">
      <Filter>inc</Filter>
    </ClInclude>
    <ClInclude Include="..\include\debugger\breakpoint.h">
      <Filter>inc</Filter>
    </ClInclude>
    <ClInclude Include="..\include\debugger\capabilities.h">
      <Filter>inc</Filter>
    </ClInclude>
    <ClInclude Include="..\include\debugger\config.h">
      <Filter>inc</Filter>
    </ClInclude>
    <ClInclude Include="..\include\debugger\evaluate.h">
      <Filter>inc</Filter>
    </ClInclude>
    <ClInclude Include="..\include\debugger\impl.h">
      <Filter>inc</Filter>
    </ClInclude>
    <ClInclude Include="..\include\debugger\lua.h">
      <Filter>inc</Filter>
    </ClInclude>
    <ClInclude Include="..\include\debugger\observer.h">
      <Filter>inc</Filter>
    </ClInclude>
    <ClInclude Include="..\include\debugger\pathconvert.h">
      <Filter>inc</Filter>
    </ClInclude>
    <ClInclude Include="..\include\debugger\protocol.h">
      <Filter>inc</Filter>
    </ClInclude>
    <ClInclude Include="..\include\debugger\redirect.h">
      <Filter>inc</Filter>
    </ClInclude>
    <ClInclude Include="..\include\debugger\thunk.h">
      <Filter>inc</Filter>
    </ClInclude>
    <ClInclude Include="..\include\debugger\bridge\delayload.h">
      <Filter>inc\bridge</Filter>
    </ClInclude>
    <ClInclude Include="..\include\debugger\io\socket.h">
      <Filter>inc\io</Filter>
    </ClInclude>
    <ClInclude Include="..\include\debugger\io\base.h">
      <Filter>inc\io</Filter>
    </ClInclude>
    <ClInclude Include="..\include\debugger\io\helper.h">
      <Filter>inc\io</Filter>
    </ClInclude>
    <ClInclude Include="..\include\debugger\bridge\lua.h">
      <Filter>inc\bridge</Filter>
    </ClInclude>
    <ClInclude Include="..\include\debugger\io\stream.h">
      <Filter>inc\io</Filter>
    </ClInclude>
    <ClInclude Include="..\include\debugger\io\namedpipe.h">
      <Filter>inc\io</Filter>
    </ClInclude>
    <ClInclude Include="..\include\debugger\path.h">
      <Filter>inc</Filter>
    </ClInclude>
    <ClInclude Include="..\include\debugger\osthread.h">
      <Filter>inc</Filter>
    </ClInclude>
    <ClInclude Include="..\include\debugger\luathread.h">
      <Filter>inc</Filter>
    </ClInclude>
  </ItemGroup>
</Project>