<?xml version="1.0" encoding="utf-8"?>
<Project ToolsVersion="4.0" xmlns="http://schemas.microsoft.com/developer/msbuild/2003">
  <ItemGroup>
    <Filter Include="inc">
      <UniqueIdentifier>{93995380-89BD-4b04-88EB-625FBE52EBFB}</UniqueIdentifier>
      <Extensions>h;hh;hpp;hxx;hm;inl;inc;xsd</Extensions>
    </Filter>
    <Filter Include="cpp">
      <UniqueIdentifier>{4FC737F1-C7A5-4376-A066-2A32D752A2FF}</UniqueIdentifier>
      <Extensions>cpp;c;cc;cxx;def;odl;idl;hpj;bat;asm;asmx</Extensions>
    </Filter>
    <Filter Include="libs">
      <UniqueIdentifier>{90af2600-1058-4176-8097-9a9328d1ffbd}</UniqueIdentifier>
    </Filter>
    <Filter Include="libs\net">
      <UniqueIdentifier>{52ddbaab-889f-477d-86f1-0baaeaa9a43d}</UniqueIdentifier>
    </Filter>
    <Filter Include="libs\net\tcp">
      <UniqueIdentifier>{95e85022-cace-4c43-81f4-60056d7ee179}</UniqueIdentifier>
    </Filter>
    <Filter Include="libs\net\udp">
      <UniqueIdentifier>{bc3bc9e4-f345-45d5-b574-285c4fc40efd}</UniqueIdentifier>
    </Filter>
    <Filter Include="libs\net\log">
      <UniqueIdentifier>{5cacf5c1-edb5-416d-b1b7-cb7aa5ae1ff5}</UniqueIdentifier>
    </Filter>
    <Filter Include="libs\net\poller">
      <UniqueIdentifier>{9bd4b338-88d7-4ebf-8bfb-0c531412b220}</UniqueIdentifier>
    </Filter>
    <Filter Include="libs\net\datetime">
      <UniqueIdentifier>{a01d820a-49f3-4414-9d35-5b6c39165eed}</UniqueIdentifier>
    </Filter>
  </ItemGroup>
  <ItemGroup>
    <ClCompile Include="..\src\dbg_network.cpp">
      <Filter>cpp</Filter>
    </ClCompile>
    <ClCompile Include="..\src\dbg_variables.cpp">
      <Filter>cpp</Filter>
    </ClCompile>
    <ClCompile Include="..\src\dbg_response.cpp">
      <Filter>cpp</Filter>
    </ClCompile>
    <ClCompile Include="..\src\dbg_request.cpp">
      <Filter>cpp</Filter>
    </ClCompile>
    <ClCompile Include="..\src\dbg_impl.cpp">
      <Filter>cpp</Filter>
    </ClCompile>
    <ClCompile Include="..\src\debugger.cpp">
      <Filter>cpp</Filter>
    </ClCompile>
    <ClCompile Include="..\src\dbg_unicode.cpp">
      <Filter>cpp</Filter>
    </ClCompile>
    <ClCompile Include="..\src\dbg_breakpoint.cpp">
      <Filter>cpp</Filter>
    </ClCompile>
    <ClCompile Include="..\src\dbg_path.cpp">
      <Filter>cpp</Filter>
    </ClCompile>
    <ClCompile Include="..\src\dbg_pathconvert.cpp">
      <Filter>cpp</Filter>
    </ClCompile>
    <ClCompile Include="..\src\dbg_evaluate.cpp">
      <Filter>cpp</Filter>
    </ClCompile>
    <ClCompile Include="..\src\dbg_watchs.cpp">
      <Filter>cpp</Filter>
    </ClCompile>
    <ClCompile Include="..\src\dbg_delayload.cpp">
      <Filter>cpp</Filter>
    </ClCompile>
    <ClCompile Include="..\src\dbg_launch.cpp">
      <Filter>cpp</Filter>
    </ClCompile>
    <ClCompile Include="..\src\dbg_redirect.cpp">
      <Filter>cpp</Filter>
    </ClCompile>
    <ClCompile Include="..\src\lua_compatibility.cpp">
      <Filter>cpp</Filter>
    </ClCompile>
    <ClCompile Include="..\src\dbg_thunk.cpp">
      <Filter>cpp</Filter>
    </ClCompile>
  </ItemGroup>
  <ItemGroup>
    <ClInclude Include="..\src\debugger.h">
      <Filter>inc</Filter>
    </ClInclude>
    <ClInclude Include="..\src\dbg_network.h">
      <Filter>inc</Filter>
    </ClInclude>
    <ClInclude Include="..\src\dbg_protocol.h">
      <Filter>inc</Filter>
    </ClInclude>
    <ClInclude Include="..\src\dbg_breakpoint.h">
      <Filter>inc</Filter>
    </ClInclude>
    <ClInclude Include="..\src\dbg_variables.h">
      <Filter>inc</Filter>
    </ClInclude>
    <ClInclude Include="..\src\dbg_impl.h">
      <Filter>inc</Filter>
    </ClInclude>
    <ClInclude Include="..\src\dbg_file.h">
      <Filter>inc</Filter>
    </ClInclude>
    <ClInclude Include="..\src\dbg_unicode.h">
      <Filter>inc</Filter>
    </ClInclude>
    <ClInclude Include="..\src\dbg_format.h">
      <Filter>inc</Filter>
    </ClInclude>
    <ClInclude Include="..\src\dbg_hybridarray.h">
      <Filter>inc</Filter>
    </ClInclude>
    <ClInclude Include="..\src\dbg_evaluate.h">
      <Filter>inc</Filter>
    </ClInclude>
    <ClInclude Include="..\src\dbg_path.h">
      <Filter>inc</Filter>
    </ClInclude>
    <ClInclude Include="..\src\dbg_custom.h">
      <Filter>inc</Filter>
    </ClInclude>
    <ClInclude Include="..\src\dbg_pathconvert.h">
      <Filter>inc</Filter>
    </ClInclude>
    <ClInclude Include="..\src\dbg_enum.h">
      <Filter>inc</Filter>
    </ClInclude>
    <ClInclude Include="..\src\dbg_watchs.h">
      <Filter>inc</Filter>
    </ClInclude>
    <ClInclude Include="..\src\dbg_io.h">
      <Filter>inc</Filter>
    </ClInclude>
    <ClInclude Include="..\src\dbg_delayload.h">
      <Filter>inc</Filter>
    </ClInclude>
    <ClInclude Include="..\src\dbg_capabilities.h">
      <Filter>inc</Filter>
    </ClInclude>
    <ClInclude Include="..\src\dbg_redirect.h">
      <Filter>inc</Filter>
    </ClInclude>
    <ClInclude Include="..\src\net\endpoint.h">
      <Filter>libs\net</Filter>
    </ClInclude>
    <ClInclude Include="..\src\net\poller.h">
      <Filter>libs\net</Filter>
    </ClInclude>
    <ClInclude Include="..\src\net\queue.h">
      <Filter>libs\net</Filter>
    </ClInclude>
    <ClInclude Include="..\src\net\socket.h">
      <Filter>libs\net</Filter>
    </ClInclude>
    <ClInclude Include="..\src\net\winapi.h">
      <Filter>libs\net</Filter>
    </ClInclude>
    <ClInclude Include="..\src\net\tcp\buffer.h">
      <Filter>libs\net\tcp</Filter>
    </ClInclude>
    <ClInclude Include="..\src\net\tcp\connecter.h">
      <Filter>libs\net\tcp</Filter>
    </ClInclude>
    <ClInclude Include="..\src\net\tcp\listener.h">
      <Filter>libs\net\tcp</Filter>
    </ClInclude>
    <ClInclude Include="..\src\net\tcp\rcvbuffer.h">
      <Filter>libs\net\tcp</Filter>
    </ClInclude>
    <ClInclude Include="..\src\net\tcp\sndbuffer.h">
      <Filter>libs\net\tcp</Filter>
    </ClInclude>
    <ClInclude Include="..\src\net\tcp\stream.h">
      <Filter>libs\net\tcp</Filter>
    </ClInclude>
    <ClInclude Include="..\src\net\udp\stream.h">
      <Filter>libs\net\udp</Filter>
    </ClInclude>
    <ClInclude Include="..\src\net\udp\udp.h">
      <Filter>libs\net\udp</Filter>
    </ClInclude>
    <ClInclude Include="..\src\net\log\logging.h">
      <Filter>libs\net\log</Filter>
    </ClInclude>
    <ClInclude Include="..\src\net\poller\epoll.h">
      <Filter>libs\net\poller</Filter>
    </ClInclude>
    <ClInclude Include="..\src\net\poller\event.h">
      <Filter>libs\net\poller</Filter>
    </ClInclude>
    <ClInclude Include="..\src\net\poller\io_object.h">
      <Filter>libs\net\poller</Filter>
    </ClInclude>
    <ClInclude Include="..\src\net\poller\select.h">
      <Filter>libs\net\poller</Filter>
    </ClInclude>
    <ClInclude Include="..\src\net\poller\timer.h">
      <Filter>libs\net\poller</Filter>
    </ClInclude>
    <ClInclude Include="..\src\net\poller\timer_queue.h">
      <Filter>libs\net\poller</Filter>
    </ClInclude>
    <ClInclude Include="..\src\net\datetime\clock.h">
      <Filter>libs\net\datetime</Filter>
    </ClInclude>
    <ClInclude Include="..\src\net\datetime\date.h">
      <Filter>libs\net\datetime</Filter>
    </ClInclude>
    <ClInclude Include="..\src\net\datetime\now.h">
      <Filter>libs\net\datetime</Filter>
    </ClInclude>
    <ClInclude Include="..\src\dbg_thread.h">
      <Filter>inc</Filter>
    </ClInclude>
    <ClInclude Include="..\src\lua_compatibility.h">
      <Filter>inc</Filter>
    </ClInclude>
    <ClInclude Include="..\src\dbg_thunk.h">
      <Filter>inc</Filter>
    </ClInclude>
  </ItemGroup>
  <ItemGroup>
    <None Include="..\src\net\socket.inl">
      <Filter>libs\net</Filter>
    </None>
  </ItemGroup>
</Project>