<?xml version="1.0" encoding="utf-8"?>
<Project ToolsVersion="4.0" xmlns="http://schemas.microsoft.com/developer/msbuild/2003">
  <ItemGroup>
    <Filter Include="base">
      <UniqueIdentifier>{295c755b-1a02-47f5-972f-c99b3362a5b5}</UniqueIdentifier>
    </Filter>
    <Filter Include="base\hook">
      <UniqueIdentifier>{df0463b5-dbf3-4654-81de-d8713c2f203a}</UniqueIdentifier>
    </Filter>
    <Filter Include="base\hook\detail">
      <UniqueIdentifier>{0ce1d496-aaf0-4e4c-8605-9dbc0b0b3938}</UniqueIdentifier>
    </Filter>
    <Filter Include="base\win">
      <UniqueIdentifier>{0ee4a8bb-9e65-4d0d-bdca-560898b5b531}</UniqueIdentifier>
    </Filter>
    <Filter Include="base\util">
      <UniqueIdentifier>{c1ddd6b2-f708-44b3-a22b-e729648d8ce4}</UniqueIdentifier>
    </Filter>
    <Filter Include="base\hook\assembler">
      <UniqueIdentifier>{3351ab76-815d-4a26-b87b-58075bd6ec76}</UniqueIdentifier>
    </Filter>
  </ItemGroup>
  <ItemGroup>
    <ClCompile Include="..\inject\base\hook\detail\memory_protect.cpp">
      <Filter>base\hook\detail</Filter>
    </ClCompile>
    <ClCompile Include="..\inject\base\hook\detail\replace_pointer.cpp">
      <Filter>base\hook\detail</Filter>
    </ClCompile>
    <ClCompile Include="..\inject\main.cpp" />
    <ClCompile Include="..\inject\utility.cpp" />
    <ClCompile Include="..\inject\base\win\process.cpp">
      <Filter>base\win</Filter>
    </ClCompile>
    <ClCompile Include="..\inject\base\hook\detail\inject_dll.cpp">
      <Filter>base\hook\detail</Filter>
    </ClCompile>
    <ClCompile Include="..\inject\base\hook\inline.cpp">
      <Filter>base\hook</Filter>
    </ClCompile>
  </ItemGroup>
  <ItemGroup>
    <ClInclude Include="..\inject\base\hook\detail\memory_protect.h">
      <Filter>base\hook\detail</Filter>
    </ClInclude>
    <ClInclude Include="..\inject\base\hook\detail\replace_pointer.h">
      <Filter>base\hook\detail</Filter>
    </ClInclude>
    <ClInclude Include="..\inject\base\hook\fp_call.h">
      <Filter>base\hook</Filter>
    </ClInclude>
    <ClInclude Include="..\inject\base\config.h">
      <Filter>base</Filter>
    </ClInclude>
    <ClInclude Include="..\inject\base\util\horrible_cast.h">
      <Filter>base\util</Filter>
    </ClInclude>
    <ClInclude Include="..\inject\utility.h" />
    <ClInclude Include="..\inject\base\win\process.h">
      <Filter>base\win</Filter>
    </ClInclude>
    <ClInclude Include="..\inject\base\hook\detail\inject_dll.h">
      <Filter>base\hook\detail</Filter>
    </ClInclude>
    <ClInclude Include="..\inject\base\hook\assembler\operand.h">
      <Filter>base\hook\assembler</Filter>
    </ClInclude>
    <ClInclude Include="..\inject\base\hook\assembler\register.h">
      <Filter>base\hook\assembler</Filter>
    </ClInclude>
    <ClInclude Include="..\inject\base\hook\assembler\writer.h">
      <Filter>base\hook\assembler</Filter>
    </ClInclude>
    <ClInclude Include="..\inject\base\util\dynarray.h">
      <Filter>base\util</Filter>
    </ClInclude>
    <ClInclude Include="..\inject\inject.h" />
    <ClInclude Include="..\inject\base\hook\inline.h">
      <Filter>base\hook</Filter>
    </ClInclude>
  </ItemGroup>
</Project>