<?xml version="1.0" encoding="utf-8"?>
<Project ToolsVersion="4.0" xmlns="http://schemas.microsoft.com/developer/msbuild/2003">
  <ItemGroup>
    <Filter Include="network">
      <UniqueIdentifier>{6debda91-03e3-492d-b202-c75d7be97e7d}</UniqueIdentifier>
    </Filter>
    <Filter Include="network\net">
      <UniqueIdentifier>{52ddbaab-889f-477d-86f1-0baaeaa9a43d}</UniqueIdentifier>
    </Filter>
    <Filter Include="network\net\tcp">
      <UniqueIdentifier>{95e85022-cace-4c43-81f4-60056d7ee179}</UniqueIdentifier>
    </Filter>
    <Filter Include="network\net\udp">
      <UniqueIdentifier>{bc3bc9e4-f345-45d5-b574-285c4fc40efd}</UniqueIdentifier>
    </Filter>
    <Filter Include="network\net\log">
      <UniqueIdentifier>{5cacf5c1-edb5-416d-b1b7-cb7aa5ae1ff5}</UniqueIdentifier>
    </Filter>
    <Filter Include="network\net\poller">
      <UniqueIdentifier>{9bd4b338-88d7-4ebf-8bfb-0c531412b220}</UniqueIdentifier>
    </Filter>
    <Filter Include="network\net\datetime">
      <UniqueIdentifier>{a01d820a-49f3-4414-9d35-5b6c39165eed}</UniqueIdentifier>
    </Filter>
    <Filter Include="bridge">
      <UniqueIdentifier>{bf9ea1a1-1023-4dba-b3b3-0f2e23238de6}</UniqueIdentifier>
    </Filter>
    <Filter Include="core">
      <UniqueIdentifier>{64d6e0b9-8a85-41e8-8820-15af828cca17}</UniqueIdentifier>
    </Filter>
    <Filter Include="core\cpp">
      <UniqueIdentifier>{4FC737F1-C7A5-4376-A066-2A32D752A2FF}</UniqueIdentifier>
      <Extensions>cpp;c;cc;cxx;def;odl;idl;hpj;bat;asm;asmx</Extensions>
    </Filter>
    <Filter Include="core\inc">
      <UniqueIdentifier>{93995380-89BD-4b04-88EB-625FBE52EBFB}</UniqueIdentifier>
      <Extensions>h;hh;hpp;hxx;hm;inl;inc;xsd</Extensions>
    </Filter>
  </ItemGroup>
  <ItemGroup>
    <ClCompile Include="..\src\dbg_response.cpp">
      <Filter>core\cpp</Filter>
    </ClCompile>
    <ClCompile Include="..\src\dbg_request.cpp">
      <Filter>core\cpp</Filter>
    </ClCompile>
    <ClCompile Include="..\src\dbg_impl.cpp">
      <Filter>core\cpp</Filter>
    </ClCompile>
    <ClCompile Include="..\src\debugger.cpp">
      <Filter>core\cpp</Filter>
    </ClCompile>
    <ClCompile Include="..\src\dbg_breakpoint.cpp">
      <Filter>core\cpp</Filter>
    </ClCompile>
    <ClCompile Include="..\src\dbg_pathconvert.cpp">
      <Filter>core\cpp</Filter>
    </ClCompile>
    <ClCompile Include="..\src\dbg_evaluate.cpp">
      <Filter>core\cpp</Filter>
    </ClCompile>
    <ClCompile Include="..\src\dbg_redirect.cpp">
      <Filter>core\cpp</Filter>
    </ClCompile>
    <ClCompile Include="..\src\dbg_thunk.cpp">
      <Filter>core\cpp</Filter>
    </ClCompile>
    <ClCompile Include="..\src\dbg_observer.cpp">
      <Filter>core\cpp</Filter>
    </ClCompile>
    <ClCompile Include="..\src\dbg_inlinebase.cpp">
      <Filter>core\cpp</Filter>
    </ClCompile>
    <ClCompile Include="..\src\dbg_network.cpp">
      <Filter>network</Filter>
    </ClCompile>
    <ClCompile Include="..\src\bridge\dbg_delayload.cpp">
      <Filter>bridge</Filter>
    </ClCompile>
    <ClCompile Include="..\src\bridge\dbg_luacompatibility.cpp">
      <Filter>bridge</Filter>
    </ClCompile>
    <ClCompile Include="..\src\dbg_config.cpp">
      <Filter>core\cpp</Filter>
    </ClCompile>
    <ClCompile Include="..\src\dbg_iohelper.cpp">
      <Filter>core\cpp</Filter>
    </ClCompile>
  </ItemGroup>
  <ItemGroup>
    <ClInclude Include="..\src\debugger.h">
      <Filter>core\inc</Filter>
    </ClInclude>
    <ClInclude Include="..\src\dbg_protocol.h">
      <Filter>core\inc</Filter>
    </ClInclude>
    <ClInclude Include="..\src\dbg_breakpoint.h">
      <Filter>core\inc</Filter>
    </ClInclude>
    <ClInclude Include="..\src\dbg_impl.h">
      <Filter>core\inc</Filter>
    </ClInclude>
    <ClInclude Include="..\src\dbg_evaluate.h">
      <Filter>core\inc</Filter>
    </ClInclude>
    <ClInclude Include="..\src\dbg_pathconvert.h">
      <Filter>core\inc</Filter>
    </ClInclude>
    <ClInclude Include="..\src\dbg_io.h">
      <Filter>core\inc</Filter>
    </ClInclude>
    <ClInclude Include="..\src\dbg_capabilities.h">
      <Filter>core\inc</Filter>
    </ClInclude>
    <ClInclude Include="..\src\dbg_redirect.h">
      <Filter>core\inc</Filter>
    </ClInclude>
    <ClInclude Include="..\src\net\endpoint.h">
      <Filter>network\net</Filter>
    </ClInclude>
    <ClInclude Include="..\src\net\poller.h">
      <Filter>network\net</Filter>
    </ClInclude>
    <ClInclude Include="..\src\net\queue.h">
      <Filter>network\net</Filter>
    </ClInclude>
    <ClInclude Include="..\src\net\socket.h">
      <Filter>network\net</Filter>
    </ClInclude>
    <ClInclude Include="..\src\net\winapi.h">
      <Filter>network\net</Filter>
    </ClInclude>
    <ClInclude Include="..\src\net\tcp\buffer.h">
      <Filter>network\net\tcp</Filter>
    </ClInclude>
    <ClInclude Include="..\src\net\tcp\connecter.h">
      <Filter>network\net\tcp</Filter>
    </ClInclude>
    <ClInclude Include="..\src\net\tcp\listener.h">
      <Filter>network\net\tcp</Filter>
    </ClInclude>
    <ClInclude Include="..\src\net\tcp\rcvbuffer.h">
      <Filter>network\net\tcp</Filter>
    </ClInclude>
    <ClInclude Include="..\src\net\tcp\sndbuffer.h">
      <Filter>network\net\tcp</Filter>
    </ClInclude>
    <ClInclude Include="..\src\net\tcp\stream.h">
      <Filter>network\net\tcp</Filter>
    </ClInclude>
    <ClInclude Include="..\src\net\udp\stream.h">
      <Filter>network\net\udp</Filter>
    </ClInclude>
    <ClInclude Include="..\src\net\udp\udp.h">
      <Filter>network\net\udp</Filter>
    </ClInclude>
    <ClInclude Include="..\src\net\log\logging.h">
      <Filter>network\net\log</Filter>
    </ClInclude>
    <ClInclude Include="..\src\net\poller\epoll.h">
      <Filter>network\net\poller</Filter>
    </ClInclude>
    <ClInclude Include="..\src\net\poller\event.h">
      <Filter>network\net\poller</Filter>
    </ClInclude>
    <ClInclude Include="..\src\net\poller\io_object.h">
      <Filter>network\net\poller</Filter>
    </ClInclude>
    <ClInclude Include="..\src\net\poller\select.h">
      <Filter>network\net\poller</Filter>
    </ClInclude>
    <ClInclude Include="..\src\net\poller\timer.h">
      <Filter>network\net\poller</Filter>
    </ClInclude>
    <ClInclude Include="..\src\net\poller\timer_queue.h">
      <Filter>network\net\poller</Filter>
    </ClInclude>
    <ClInclude Include="..\src\net\datetime\clock.h">
      <Filter>network\net\datetime</Filter>
    </ClInclude>
    <ClInclude Include="..\src\net\datetime\date.h">
      <Filter>network\net\datetime</Filter>
    </ClInclude>
    <ClInclude Include="..\src\net\datetime\now.h">
      <Filter>network\net\datetime</Filter>
    </ClInclude>
    <ClInclude Include="..\src\dbg_thread.h">
      <Filter>core\inc</Filter>
    </ClInclude>
    <ClInclude Include="..\src\dbg_thunk.h">
      <Filter>core\inc</Filter>
    </ClInclude>
    <ClInclude Include="..\src\dbg_observer.h">
      <Filter>core\inc</Filter>
    </ClInclude>
    <ClInclude Include="..\src\dbg_network.h">
      <Filter>network</Filter>
    </ClInclude>
    <ClInclude Include="..\src\bridge\dbg_delayload.h">
      <Filter>bridge</Filter>
    </ClInclude>
    <ClInclude Include="..\src\bridge\dbg_luacompatibility.h">
      <Filter>bridge</Filter>
    </ClInclude>
    <ClInclude Include="..\src\dbg_config.h">
      <Filter>core\inc</Filter>
    </ClInclude>
    <ClInclude Include="..\src\dbg_lua.h">
      <Filter>core\inc</Filter>
    </ClInclude>
    <ClInclude Include="..\src\dbg_iohelper.h">
      <Filter>core\inc</Filter>
    </ClInclude>
  </ItemGroup>
  <ItemGroup>
    <None Include="..\src\net\socket.inl">
      <Filter>network\net</Filter>
    </None>
  </ItemGroup>
</Project>