
Microsoft Visual Studio Solution File, Format Version 12.00
# Visual Studio 2013
VisualStudioVersion = 12.0.31101.0
MinimumVisualStudioVersion = 10.0.40219.1
Project("{8BC9CEB8-8B4A-11D0-8D11-00A0C91BC942}") = "luacore", "luacore.vcxproj", "{B84F7231-16CE-41D8-8C08-7B523FF4225B}"
EndProject
Project("{8BC9CEB8-8B4A-11D0-8D11-00A0C91BC942}") = "vscode-debug", "vscode-debug.vcxproj", "{9FD838AC-A5A2-4A24-8166-105BA0D8A973}"
EndProject
Project("{8BC9CEB8-8B4A-11D0-8D11-00A0C91BC942}") = "test", "test.vcxproj", "{9022BEF7-18C3-47C0-BE1A-C24B82E3E5FA}"
EndProject
Global
	GlobalSection(SolutionConfigurationPlatforms) = preSolution
		Debug|Win32 = Debug|Win32
		Release|Win32 = Release|Win32
	EndGlobalSection
	GlobalSection(ProjectConfigurationPlatforms) = postSolution
		{B84F7231-16CE-41D8-8C08-7B523FF4225B}.Debug|Win32.ActiveCfg = Debug|Win32
		{B84F7231-16CE-41D8-8C08-7B523FF4225B}.Debug|Win32.Build.0 = Debug|Win32
		{B84F7231-16CE-41D8-8C08-7B523FF4225B}.Release|Win32.ActiveCfg = Release|Win32
		{B84F7231-16CE-41D8-8C08-7B523FF4225B}.Release|Win32.Build.0 = Release|Win32
		{9FD838AC-A5A2-4A24-8166-105BA0D8A973}.Debug|Win32.ActiveCfg = Debug|Win32
		{9FD838AC-A5A2-4A24-8166-105BA0D8A973}.Debug|Win32.Build.0 = Debug|Win32
		{9FD838AC-A5A2-4A24-8166-105BA0D8A973}.Release|Win32.ActiveCfg = Release|Win32
		{9FD838AC-A5A2-4A24-8166-105BA0D8A973}.Release|Win32.Build.0 = Release|Win32
		{9022BEF7-18C3-47C0-BE1A-C24B82E3E5FA}.Debug|Win32.ActiveCfg = Debug|Win32
		{9022BEF7-18C3-47C0-BE1A-C24B82E3E5FA}.Debug|Win32.Build.0 = Debug|Win32
		{9022BEF7-18C3-47C0-BE1A-C24B82E3E5FA}.Release|Win32.ActiveCfg = Release|Win32
		{9022BEF7-18C3-47C0-BE1A-C24B82E3E5FA}.Release|Win32.Build.0 = Release|Win32
	EndGlobalSection
	GlobalSection(SolutionProperties) = preSolution
		HideSolutionNode = FALSE
	EndGlobalSection
EndGlobal
