<?xml version="1.0" encoding="utf-8"?>
<Project ToolsVersion="4.0" xmlns="http://schemas.microsoft.com/developer/msbuild/2003">
  <ItemGroup>
    <ClCompile Include="..\include\base\win\process.cpp">
      <Filter>base\win</Filter>
    </ClCompile>
    <ClCompile Include="..\include\base\path\get_path.cpp">
      <Filter>base\path</Filter>
    </ClCompile>
    <ClCompile Include="..\include\base\hook\injectdll.cpp">
      <Filter>base\hook</Filter>
    </ClCompile>
    <ClCompile Include="..\include\base\util\unicode.cpp">
      <Filter>base\util</Filter>
    </ClCompile>
    <ClCompile Include="..\src\debugger\client\create_process.cpp">
      <Filter>cpp\client</Filter>
    </ClCompile>
    <ClCompile Include="..\src\debugger\client\main.cpp">
      <Filter>cpp\client</Filter>
    </ClCompile>
    <ClCompile Include="..\src\debugger\client\stdinput.cpp">
      <Filter>cpp\client</Filter>
    </ClCompile>
    <ClCompile Include="..\src\debugger\io\helper.cpp">
      <Filter>cpp\io</Filter>
    </ClCompile>
    <ClCompile Include="..\src\debugger\io\namedpipe.cpp">
      <Filter>cpp\io</Filter>
    </ClCompile>
    <ClCompile Include="..\src\debugger\client\tcp_attach.cpp">
      <Filter>cpp\client</Filter>
    </ClCompile>
    <ClCompile Include="..\src\debugger\client\run_attach.cpp">
      <Filter>cpp\client</Filter>
    </ClCompile>
    <ClCompile Include="..\src\debugger\client\create_terminal.cpp">
      <Filter>cpp\client</Filter>
    </ClCompile>
    <ClCompile Include="..\src\debugger\client\create_luaexe.cpp">
      <Filter>cpp\client</Filter>
    </ClCompile>
    <ClCompile Include="..\include\base\hook\replacedll.cpp">
      <Filter>base\hook</Filter>
    </ClCompile>
    <ClCompile Include="..\src\debugger\client\open_process.cpp">
      <Filter>cpp\client</Filter>
    </ClCompile>
  </ItemGroup>
  <ItemGroup>
    <ClInclude Include="..\include\base\win\process.h">
      <Filter>base\win</Filter>
    </ClInclude>
    <ClInclude Include="..\include\base\path\get_path.h">
      <Filter>base\path</Filter>
    </ClInclude>
    <ClInclude Include="..\include\base\path\self.h">
      <Filter>base\path</Filter>
    </ClInclude>
    <ClInclude Include="..\include\base\hook\injectdll.h">
      <Filter>base\hook</Filter>
    </ClInclude>
    <ClInclude Include="..\include\base\util\unicode.h">
      <Filter>base\util</Filter>
    </ClInclude>
    <ClInclude Include="..\include\debugger\client\stdinput.h">
      <Filter>inc\client</Filter>
    </ClInclude>
    <ClInclude Include="..\include\debugger\io\helper.h">
      <Filter>inc\io</Filter>
    </ClInclude>
    <ClInclude Include="..\include\debugger\client\run.h">
      <Filter>inc\client</Filter>
    </ClInclude>
    <ClInclude Include="..\include\debugger\client\tcp_attach.h">
      <Filter>inc\client</Filter>
    </ClInclude>
    <ClInclude Include="..\include\base\hook\replacedll.h">
      <Filter>base\hook</Filter>
    </ClInclude>
    <ClInclude Include="..\include\debugger\io\namedpipe.h">
      <Filter>inc\io</Filter>
    </ClInclude>
    <ClInclude Include="..\include\base\win\process_switch.h">
      <Filter>base\win</Filter>
    </ClInclude>
  </ItemGroup>
  <ItemGroup>
    <Filter Include="base">
      <UniqueIdentifier>{fd6c93f9-ca0c-45c6-9dbb-164a62dbdf7a}</UniqueIdentifier>
    </Filter>
    <Filter Include="base\hook">
      <UniqueIdentifier>{6a1ee654-25bf-4ac8-bd1b-f935aab79966}</UniqueIdentifier>
    </Filter>
    <Filter Include="base\win">
      <UniqueIdentifier>{1388b723-ce88-46bb-91c4-9b02d58ca6b3}</UniqueIdentifier>
    </Filter>
    <Filter Include="inc">
      <UniqueIdentifier>{aa8ca654-c9ca-46d7-97dd-2c064ca17c03}</UniqueIdentifier>
    </Filter>
    <Filter Include="cpp">
      <UniqueIdentifier>{45f68082-2f44-4395-9592-cc7e5768f3e5}</UniqueIdentifier>
    </Filter>
    <Filter Include="base\path">
      <UniqueIdentifier>{4c0f522d-12e5-4c25-9f78-cd98a4a23695}</UniqueIdentifier>
    </Filter>
    <Filter Include="base\util">
      <UniqueIdentifier>{4a0d655f-35e9-4d3c-b62a-76e62d06ba46}</UniqueIdentifier>
    </Filter>
    <Filter Include="cpp\client">
      <UniqueIdentifier>{044d4037-79dc-4570-8cf9-38863708f434}</UniqueIdentifier>
    </Filter>
    <Filter Include="inc\client">
      <UniqueIdentifier>{0c8c6ecc-513f-4090-be40-a48c59b86d7b}</UniqueIdentifier>
    </Filter>
    <Filter Include="inc\io">
      <UniqueIdentifier>{605aea22-33e4-43fa-91ec-4e48cd705e9c}</UniqueIdentifier>
    </Filter>
    <Filter Include="cpp\io">
      <UniqueIdentifier>{a75fae30-c29e-4bc4-b77c-c1d095fbda31}</UniqueIdentifier>
    </Filter>
  </ItemGroup>
</Project>