
Microsoft Visual Studio Solution File, Format Version 12.00
# Visual Studio 15
VisualStudioVersion = 15.0.27130.2020
MinimumVisualStudioVersion = 10.0.40219.1
Project("{2150E333-8FDC-42A3-9474-1A3956D46DE8}") = "lib", "lib", "{E37DCA1E-4985-4019-AFCC-11E38734A438}"
EndProject
Project("{8BC9CEB8-8B4A-11D0-8D11-00A0C91BC942}") = "debugger", "windows\debugger.vcxproj", "{9FD838AC-A5A2-4A24-8166-105BA0D8A973}"
EndProject
Project("{8BC9CEB8-8B4A-11D0-8D11-00A0C91BC942}") = "debugger-inject", "windows\debugger-inject.vcxproj", "{20F15A76-D908-475B-A904-6ACD1763D5FB}"
EndProject
Project("{8BC9CEB8-8B4A-11D0-8D11-00A0C91BC942}") = "Detours", "..\3rd\detours\project\Detours.vcxproj", "{198D08D6-92BA-46E3-B430-8351244FB61C}"
EndProject
Project("{8BC9CEB8-8B4A-11D0-8D11-00A0C91BC942}") = "wow64ext", "..\3rd\wow64ext\src\wow64ext.vcxproj", "{9DA7F232-0096-45BC-A452-24C7F3AFA0F8}"
EndProject
Project("{2150E333-8FDC-42A3-9474-1A3956D46DE8}") = "windows", "windows", "{3BD7EA86-695D-4AD9-BA45-5F37979DDB58}"
EndProject
Project("{8BC9CEB8-8B4A-11D0-8D11-00A0C91BC942}") = "lua53exe", "windows\lua53exe.vcxproj", "{76338556-5419-494A-A4C6-D79090629054}"
EndProject
Project("{8BC9CEB8-8B4A-11D0-8D11-00A0C91BC942}") = "lua53dll", "windows\lua53dll.vcxproj", "{B84F7231-16CE-41D8-8C08-7B523FF4225B}"
EndProject
Project("{8BC9CEB8-8B4A-11D0-8D11-00A0C91BC942}") = "lua54exe", "windows\lua54exe.vcxproj", "{B68705AD-B850-40FA-A0BA-ED66B972A048}"
EndProject
Project("{8BC9CEB8-8B4A-11D0-8D11-00A0C91BC942}") = "lua54dll", "windows\lua54dll.vcxproj", "{883295E2-AB4A-4286-9DBF-56FDDBB37698}"
EndProject
Project("{2150E333-8FDC-42A3-9474-1A3956D46DE8}") = "lua", "lua", "{143B40F1-6A87-4154-AB39-C4FF89E76860}"
EndProject
Project("{8BC9CEB8-8B4A-11D0-8D11-00A0C91BC942}") = "lua54", "..\3rd\bee.lua\project\msvc\lua54.vcxproj", "{316B33ED-1056-48B0-ABF0-CE3CE55F7A17}"
EndProject
Project("{8BC9CEB8-8B4A-11D0-8D11-00A0C91BC942}") = "inject", "windows\inject.vcxproj", "{37D48C0E-DF1F-4C59-8787-5AAD2AA4AEF0}"
EndProject
Project("{8BC9CEB8-8B4A-11D0-8D11-00A0C91BC942}") = "bee", "..\3rd\bee.lua\project\msvc\bee.vcxproj", "{355C2493-0A78-490B-971A-BBDB0E2819EF}"
EndProject
Global
	GlobalSection(SolutionConfigurationPlatforms) = preSolution
		Debug|Win32 = Debug|Win32
		Debug|x64 = Debug|x64
		Release|Win32 = Release|Win32
		Release|x64 = Release|x64
	EndGlobalSection
	GlobalSection(ProjectConfigurationPlatforms) = postSolution
		{9FD838AC-A5A2-4A24-8166-105BA0D8A973}.Debug|Win32.ActiveCfg = Debug|Win32
		{9FD838AC-A5A2-4A24-8166-105BA0D8A973}.Debug|Win32.Build.0 = Debug|Win32
		{9FD838AC-A5A2-4A24-8166-105BA0D8A973}.Debug|x64.ActiveCfg = Debug|x64
		{9FD838AC-A5A2-4A24-8166-105BA0D8A973}.Debug|x64.Build.0 = Debug|x64
		{9FD838AC-A5A2-4A24-8166-105BA0D8A973}.Release|Win32.ActiveCfg = Release|Win32
		{9FD838AC-A5A2-4A24-8166-105BA0D8A973}.Release|Win32.Build.0 = Release|Win32
		{9FD838AC-A5A2-4A24-8166-105BA0D8A973}.Release|x64.ActiveCfg = Release|x64
		{9FD838AC-A5A2-4A24-8166-105BA0D8A973}.Release|x64.Build.0 = Release|x64
		{20F15A76-D908-475B-A904-6ACD1763D5FB}.Debug|Win32.ActiveCfg = Debug|Win32
		{20F15A76-D908-475B-A904-6ACD1763D5FB}.Debug|Win32.Build.0 = Debug|Win32
		{20F15A76-D908-475B-A904-6ACD1763D5FB}.Debug|x64.ActiveCfg = Debug|x64
		{20F15A76-D908-475B-A904-6ACD1763D5FB}.Debug|x64.Build.0 = Debug|x64
		{20F15A76-D908-475B-A904-6ACD1763D5FB}.Release|Win32.ActiveCfg = Release|Win32
		{20F15A76-D908-475B-A904-6ACD1763D5FB}.Release|Win32.Build.0 = Release|Win32
		{20F15A76-D908-475B-A904-6ACD1763D5FB}.Release|x64.ActiveCfg = Release|x64
		{20F15A76-D908-475B-A904-6ACD1763D5FB}.Release|x64.Build.0 = Release|x64
		{198D08D6-92BA-46E3-B430-8351244FB61C}.Debug|Win32.ActiveCfg = Debug|Win32
		{198D08D6-92BA-46E3-B430-8351244FB61C}.Debug|Win32.Build.0 = Debug|Win32
		{198D08D6-92BA-46E3-B430-8351244FB61C}.Debug|x64.ActiveCfg = Debug|x64
		{198D08D6-92BA-46E3-B430-8351244FB61C}.Debug|x64.Build.0 = Debug|x64
		{198D08D6-92BA-46E3-B430-8351244FB61C}.Release|Win32.ActiveCfg = Release|Win32
		{198D08D6-92BA-46E3-B430-8351244FB61C}.Release|Win32.Build.0 = Release|Win32
		{198D08D6-92BA-46E3-B430-8351244FB61C}.Release|x64.ActiveCfg = Release|x64
		{198D08D6-92BA-46E3-B430-8351244FB61C}.Release|x64.Build.0 = Release|x64
		{9DA7F232-0096-45BC-A452-24C7F3AFA0F8}.Debug|Win32.ActiveCfg = Debug|Win32
		{9DA7F232-0096-45BC-A452-24C7F3AFA0F8}.Debug|Win32.Build.0 = Debug|Win32
		{9DA7F232-0096-45BC-A452-24C7F3AFA0F8}.Debug|x64.ActiveCfg = Debug|Win32
		{9DA7F232-0096-45BC-A452-24C7F3AFA0F8}.Debug|x64.Build.0 = Debug|Win32
		{9DA7F232-0096-45BC-A452-24C7F3AFA0F8}.Release|Win32.ActiveCfg = Release|Win32
		{9DA7F232-0096-45BC-A452-24C7F3AFA0F8}.Release|Win32.Build.0 = Release|Win32
		{9DA7F232-0096-45BC-A452-24C7F3AFA0F8}.Release|x64.ActiveCfg = Release|Win32
		{9DA7F232-0096-45BC-A452-24C7F3AFA0F8}.Release|x64.Build.0 = Release|Win32
		{76338556-5419-494A-A4C6-D79090629054}.Debug|Win32.ActiveCfg = Debug|Win32
		{76338556-5419-494A-A4C6-D79090629054}.Debug|Win32.Build.0 = Debug|Win32
		{76338556-5419-494A-A4C6-D79090629054}.Debug|x64.ActiveCfg = Debug|x64
		{76338556-5419-494A-A4C6-D79090629054}.Debug|x64.Build.0 = Debug|x64
		{76338556-5419-494A-A4C6-D79090629054}.Release|Win32.ActiveCfg = Release|Win32
		{76338556-5419-494A-A4C6-D79090629054}.Release|Win32.Build.0 = Release|Win32
		{76338556-5419-494A-A4C6-D79090629054}.Release|x64.ActiveCfg = Release|x64
		{76338556-5419-494A-A4C6-D79090629054}.Release|x64.Build.0 = Release|x64
		{B84F7231-16CE-41D8-8C08-7B523FF4225B}.Debug|Win32.ActiveCfg = Debug|Win32
		{B84F7231-16CE-41D8-8C08-7B523FF4225B}.Debug|Win32.Build.0 = Debug|Win32
		{B84F7231-16CE-41D8-8C08-7B523FF4225B}.Debug|x64.ActiveCfg = Debug|x64
		{B84F7231-16CE-41D8-8C08-7B523FF4225B}.Debug|x64.Build.0 = Debug|x64
		{B84F7231-16CE-41D8-8C08-7B523FF4225B}.Release|Win32.ActiveCfg = Release|Win32
		{B84F7231-16CE-41D8-8C08-7B523FF4225B}.Release|Win32.Build.0 = Release|Win32
		{B84F7231-16CE-41D8-8C08-7B523FF4225B}.Release|x64.ActiveCfg = Release|x64
		{B84F7231-16CE-41D8-8C08-7B523FF4225B}.Release|x64.Build.0 = Release|x64
		{B68705AD-B850-40FA-A0BA-ED66B972A048}.Debug|Win32.ActiveCfg = Debug|Win32
		{B68705AD-B850-40FA-A0BA-ED66B972A048}.Debug|Win32.Build.0 = Debug|Win32
		{B68705AD-B850-40FA-A0BA-ED66B972A048}.Debug|x64.ActiveCfg = Debug|x64
		{B68705AD-B850-40FA-A0BA-ED66B972A048}.Debug|x64.Build.0 = Debug|x64
		{B68705AD-B850-40FA-A0BA-ED66B972A048}.Release|Win32.ActiveCfg = Release|Win32
		{B68705AD-B850-40FA-A0BA-ED66B972A048}.Release|Win32.Build.0 = Release|Win32
		{B68705AD-B850-40FA-A0BA-ED66B972A048}.Release|x64.ActiveCfg = Release|x64
		{B68705AD-B850-40FA-A0BA-ED66B972A048}.Release|x64.Build.0 = Release|x64
		{883295E2-AB4A-4286-9DBF-56FDDBB37698}.Debug|Win32.ActiveCfg = Debug|Win32
		{883295E2-AB4A-4286-9DBF-56FDDBB37698}.Debug|Win32.Build.0 = Debug|Win32
		{883295E2-AB4A-4286-9DBF-56FDDBB37698}.Debug|x64.ActiveCfg = Debug|x64
		{883295E2-AB4A-4286-9DBF-56FDDBB37698}.Debug|x64.Build.0 = Debug|x64
		{883295E2-AB4A-4286-9DBF-56FDDBB37698}.Release|Win32.ActiveCfg = Release|Win32
		{883295E2-AB4A-4286-9DBF-56FDDBB37698}.Release|Win32.Build.0 = Release|Win32
		{883295E2-AB4A-4286-9DBF-56FDDBB37698}.Release|x64.ActiveCfg = Release|x64
		{883295E2-AB4A-4286-9DBF-56FDDBB37698}.Release|x64.Build.0 = Release|x64
		{316B33ED-1056-48B0-ABF0-CE3CE55F7A17}.Debug|Win32.ActiveCfg = Debug|Win32
		{316B33ED-1056-48B0-ABF0-CE3CE55F7A17}.Debug|Win32.Build.0 = Debug|Win32
		{316B33ED-1056-48B0-ABF0-CE3CE55F7A17}.Debug|x64.ActiveCfg = Debug|x64
		{316B33ED-1056-48B0-ABF0-CE3CE55F7A17}.Release|Win32.ActiveCfg = Release|Win32
		{316B33ED-1056-48B0-ABF0-CE3CE55F7A17}.Release|Win32.Build.0 = Release|Win32
		{316B33ED-1056-48B0-ABF0-CE3CE55F7A17}.Release|x64.ActiveCfg = Release|x64
		{37D48C0E-DF1F-4C59-8787-5AAD2AA4AEF0}.Debug|Win32.ActiveCfg = Debug|Win32
		{37D48C0E-DF1F-4C59-8787-5AAD2AA4AEF0}.Debug|Win32.Build.0 = Debug|Win32
		{37D48C0E-DF1F-4C59-8787-5AAD2AA4AEF0}.Debug|x64.ActiveCfg = Debug|x64
		{37D48C0E-DF1F-4C59-8787-5AAD2AA4AEF0}.Release|Win32.ActiveCfg = Release|Win32
		{37D48C0E-DF1F-4C59-8787-5AAD2AA4AEF0}.Release|Win32.Build.0 = Release|Win32
		{37D48C0E-DF1F-4C59-8787-5AAD2AA4AEF0}.Release|x64.ActiveCfg = Release|x64
		{355C2493-0A78-490B-971A-BBDB0E2819EF}.Debug|Win32.ActiveCfg = Debug|Win32
		{355C2493-0A78-490B-971A-BBDB0E2819EF}.Debug|Win32.Build.0 = Debug|Win32
		{355C2493-0A78-490B-971A-BBDB0E2819EF}.Debug|x64.ActiveCfg = Debug|x64
		{355C2493-0A78-490B-971A-BBDB0E2819EF}.Release|Win32.ActiveCfg = Release|Win32
		{355C2493-0A78-490B-971A-BBDB0E2819EF}.Release|Win32.Build.0 = Release|Win32
		{355C2493-0A78-490B-971A-BBDB0E2819EF}.Release|x64.ActiveCfg = Release|x64
	EndGlobalSection
	GlobalSection(SolutionProperties) = preSolution
		HideSolutionNode = FALSE
	EndGlobalSection
	GlobalSection(NestedProjects) = preSolution
		{E37DCA1E-4985-4019-AFCC-11E38734A438} = {3BD7EA86-695D-4AD9-BA45-5F37979DDB58}
		{9FD838AC-A5A2-4A24-8166-105BA0D8A973} = {3BD7EA86-695D-4AD9-BA45-5F37979DDB58}
		{20F15A76-D908-475B-A904-6ACD1763D5FB} = {3BD7EA86-695D-4AD9-BA45-5F37979DDB58}
		{198D08D6-92BA-46E3-B430-8351244FB61C} = {E37DCA1E-4985-4019-AFCC-11E38734A438}
		{9DA7F232-0096-45BC-A452-24C7F3AFA0F8} = {E37DCA1E-4985-4019-AFCC-11E38734A438}
		{76338556-5419-494A-A4C6-D79090629054} = {E37DCA1E-4985-4019-AFCC-11E38734A438}
		{B84F7231-16CE-41D8-8C08-7B523FF4225B} = {E37DCA1E-4985-4019-AFCC-11E38734A438}
		{B68705AD-B850-40FA-A0BA-ED66B972A048} = {E37DCA1E-4985-4019-AFCC-11E38734A438}
		{883295E2-AB4A-4286-9DBF-56FDDBB37698} = {E37DCA1E-4985-4019-AFCC-11E38734A438}
		{143B40F1-6A87-4154-AB39-C4FF89E76860} = {3BD7EA86-695D-4AD9-BA45-5F37979DDB58}
		{316B33ED-1056-48B0-ABF0-CE3CE55F7A17} = {143B40F1-6A87-4154-AB39-C4FF89E76860}
		{37D48C0E-DF1F-4C59-8787-5AAD2AA4AEF0} = {143B40F1-6A87-4154-AB39-C4FF89E76860}
		{355C2493-0A78-490B-971A-BBDB0E2819EF} = {143B40F1-6A87-4154-AB39-C4FF89E76860}
	EndGlobalSection
	GlobalSection(ExtensibilityGlobals) = postSolution
		SolutionGuid = {7581734B-8D88-4E5E-A66D-DAA87CD797A9}
	EndGlobalSection
EndGlobal
