<?xml version="1.0" encoding="utf-8"?>
<Project ToolsVersion="4.0" xmlns="http://schemas.microsoft.com/developer/msbuild/2003">
  <ItemGroup>
    <ClCompile Include="..\client\attach.cpp">
      <Filter>cpp</Filter>
    </ClCompile>
    <ClCompile Include="..\client\create_process.cpp">
      <Filter>cpp</Filter>
    </ClCompile>
    <ClCompile Include="..\client\launch.cpp">
      <Filter>cpp</Filter>
    </ClCompile>
    <ClCompile Include="..\client\main.cpp">
      <Filter>cpp</Filter>
    </ClCompile>
    <ClCompile Include="..\client\server.cpp">
      <Filter>cpp</Filter>
    </ClCompile>
    <ClCompile Include="..\client\stdinput.cpp">
      <Filter>cpp</Filter>
    </ClCompile>
    <ClCompile Include="..\src\base\win\process.cpp">
      <Filter>base\win</Filter>
    </ClCompile>
    <ClCompile Include="..\src\base\hook\injectdll.cpp">
      <Filter>base\hook</Filter>
    </ClCompile>
    <ClCompile Include="..\src\base\path\get_path.cpp">
      <Filter>base\path</Filter>
    </ClCompile>
    <ClCompile Include="..\src\bridge\dbg_delayload.cpp">
      <Filter>bridge</Filter>
    </ClCompile>
    <ClCompile Include="..\src\bridge\dbg_luacompatibility.cpp">
      <Filter>bridge</Filter>
    </ClCompile>
  </ItemGroup>
  <ItemGroup>
    <ClInclude Include="..\client\attach.h">
      <Filter>inc</Filter>
    </ClInclude>
    <ClInclude Include="..\client\launch.h">
      <Filter>inc</Filter>
    </ClInclude>
    <ClInclude Include="..\client\server.h">
      <Filter>inc</Filter>
    </ClInclude>
    <ClInclude Include="..\client\stdinput.h">
      <Filter>inc</Filter>
    </ClInclude>
    <ClInclude Include="..\src\base\win\process.h">
      <Filter>base\win</Filter>
    </ClInclude>
    <ClInclude Include="..\src\base\hook\injectdll.h">
      <Filter>base\hook</Filter>
    </ClInclude>
    <ClInclude Include="..\src\base\path\get_path.h">
      <Filter>base\path</Filter>
    </ClInclude>
    <ClInclude Include="..\src\base\path\self.h">
      <Filter>base\path</Filter>
    </ClInclude>
    <ClInclude Include="..\src\bridge\dbg_delayload.h">
      <Filter>bridge</Filter>
    </ClInclude>
    <ClInclude Include="..\src\bridge\dbg_luacompatibility.h">
      <Filter>bridge</Filter>
    </ClInclude>
  </ItemGroup>
  <ItemGroup>
    <Filter Include="base">
      <UniqueIdentifier>{fd6c93f9-ca0c-45c6-9dbb-164a62dbdf7a}</UniqueIdentifier>
    </Filter>
    <Filter Include="base\hook">
      <UniqueIdentifier>{6a1ee654-25bf-4ac8-bd1b-f935aab79966}</UniqueIdentifier>
    </Filter>
    <Filter Include="base\win">
      <UniqueIdentifier>{1388b723-ce88-46bb-91c4-9b02d58ca6b3}</UniqueIdentifier>
    </Filter>
    <Filter Include="inc">
      <UniqueIdentifier>{aa8ca654-c9ca-46d7-97dd-2c064ca17c03}</UniqueIdentifier>
    </Filter>
    <Filter Include="cpp">
      <UniqueIdentifier>{45f68082-2f44-4395-9592-cc7e5768f3e5}</UniqueIdentifier>
    </Filter>
    <Filter Include="base\path">
      <UniqueIdentifier>{4c0f522d-12e5-4c25-9f78-cd98a4a23695}</UniqueIdentifier>
    </Filter>
    <Filter Include="bridge">
      <UniqueIdentifier>{af506b17-235f-446a-a593-d71c21b48553}</UniqueIdentifier>
    </Filter>
  </ItemGroup>
</Project>