<?xml version="1.0" encoding="utf-8"?>
<Project ToolsVersion="4.0" xmlns="http://schemas.microsoft.com/developer/msbuild/2003">
  <ItemGroup>
    <Filter Include="debugger">
      <UniqueIdentifier>{9055831f-d02f-487e-a3a5-588554af7e78}</UniqueIdentifier>
    </Filter>
    <Filter Include="debugger\inc">
      <UniqueIdentifier>{93995380-89BD-4b04-88EB-625FBE52EBFB}</UniqueIdentifier>
      <Extensions>h;hh;hpp;hxx;hm;inl;inc;xsd</Extensions>
    </Filter>
    <Filter Include="debugger\cpp">
      <UniqueIdentifier>{4FC737F1-C7A5-4376-A066-2A32D752A2FF}</UniqueIdentifier>
      <Extensions>cpp;c;cc;cxx;def;odl;idl;hpj;bat;asm;asmx</Extensions>
    </Filter>
  </ItemGroup>
  <ItemGroup>
    <ClCompile Include="..\src\dbg_network.cpp">
      <Filter>debugger\cpp</Filter>
    </ClCompile>
    <ClCompile Include="..\src\dbg_message.cpp">
      <Filter>debugger\cpp</Filter>
    </ClCompile>
    <ClCompile Include="..\src\dbg_variables.cpp">
      <Filter>debugger\cpp</Filter>
    </ClCompile>
    <ClCompile Include="..\src\dbg_response.cpp">
      <Filter>debugger\cpp</Filter>
    </ClCompile>
    <ClCompile Include="..\src\dbg_request.cpp">
      <Filter>debugger\cpp</Filter>
    </ClCompile>
    <ClCompile Include="..\src\dbg_impl.cpp">
      <Filter>debugger\cpp</Filter>
    </ClCompile>
    <ClCompile Include="..\src\debugger.cpp">
      <Filter>debugger\cpp</Filter>
    </ClCompile>
    <ClCompile Include="..\src\dbg_redirect.cpp">
      <Filter>debugger\cpp</Filter>
    </ClCompile>
    <ClCompile Include="..\src\dbg_unicode.cpp">
      <Filter>debugger\cpp</Filter>
    </ClCompile>
    <ClCompile Include="..\src\test\test.cpp" />
  </ItemGroup>
  <ItemGroup>
    <ClInclude Include="..\src\debugger.h">
      <Filter>debugger\inc</Filter>
    </ClInclude>
    <ClInclude Include="..\src\dbg_network.h">
      <Filter>debugger\inc</Filter>
    </ClInclude>
    <ClInclude Include="..\src\dbg_protocol.h">
      <Filter>debugger\inc</Filter>
    </ClInclude>
    <ClInclude Include="..\src\dbg_message.h">
      <Filter>debugger\inc</Filter>
    </ClInclude>
    <ClInclude Include="..\src\dbg_breakpoint.h">
      <Filter>debugger\inc</Filter>
    </ClInclude>
    <ClInclude Include="..\src\dbg_variables.h">
      <Filter>debugger\inc</Filter>
    </ClInclude>
    <ClInclude Include="..\src\dbg_impl.h">
      <Filter>debugger\inc</Filter>
    </ClInclude>
    <ClInclude Include="..\src\dbg_redirect.h">
      <Filter>debugger\inc</Filter>
    </ClInclude>
    <ClInclude Include="..\src\dbg_file.h">
      <Filter>debugger\inc</Filter>
    </ClInclude>
    <ClInclude Include="..\src\dbg_unicode.h">
      <Filter>debugger\inc</Filter>
    </ClInclude>
    <ClInclude Include="..\src\dbg_format.h">
      <Filter>debugger\inc</Filter>
    </ClInclude>
    <ClInclude Include="..\src\dbg_hybridarray.h">
      <Filter>debugger\inc</Filter>
    </ClInclude>
  </ItemGroup>
</Project>